{
  "name": "revelation",
  "version": "2.0.3",
  "lockfileVersion": 1,
  "requires": true,
  "dependencies": {
    "acorn": {
      "version": "https://registry.npmjs.org/acorn/-/acorn-4.0.11.tgz",
      "integrity": "sha1-7c2jvZN+dVZBDULtWGD2c5nHlMA=",
      "dev": true
    },
    "acorn-es7-plugin": {
      "version": "https://registry.npmjs.org/acorn-es7-plugin/-/acorn-es7-plugin-1.1.5.tgz",
      "integrity": "sha1-8x4aYY9Dm/3eiFHdh1o6FjyoIB8=",
      "dev": true
    },
    "array-filter": {
      "version": "https://registry.npmjs.org/array-filter/-/array-filter-1.0.0.tgz",
      "integrity": "sha1-uveeYubvTCpMC4MSMtr/7CUfnYM=",
      "dev": true
    },
    "call-signature": {
      "version": "https://registry.npmjs.org/call-signature/-/call-signature-0.0.2.tgz",
      "integrity": "sha1-qEq8glpV70yysCi9dOIFpluaSZY=",
      "dev": true
    },
    "core-js": {
      "version": "https://registry.npmjs.org/core-js/-/core-js-2.4.1.tgz",
      "integrity": "sha1-TekR5mew6ukSTjQlS1OupvxhjT4=",
      "dev": true
    },
    "define-properties": {
      "version": "https://registry.npmjs.org/define-properties/-/define-properties-1.1.2.tgz",
      "integrity": "sha1-g6c/L+pWmJj7c3GTyPhzyvbUXJQ=",
      "dev": true,
      "requires": {
        "foreach": "https://registry.npmjs.org/foreach/-/foreach-2.0.5.tgz",
        "object-keys": "https://registry.npmjs.org/object-keys/-/object-keys-1.0.11.tgz"
      }
    },
    "diff-match-patch": {
      "version": "https://registry.npmjs.org/diff-match-patch/-/diff-match-patch-1.0.0.tgz",
      "integrity": "sha1-HMPIOkkNZ/ldkeOfatHy4Ia2MEg=",
      "dev": true
    },
    "eastasianwidth": {
      "version": "https://registry.npmjs.org/eastasianwidth/-/eastasianwidth-0.1.1.tgz",
      "integrity": "sha1-RNZW3p2kFWlEZzNTZfsxR7hXK3w=",
      "dev": true
    },
    "empower": {
      "version": "https://registry.npmjs.org/empower/-/empower-1.2.1.tgz",
      "integrity": "sha1-tjMCdBttUDokG/8RW+/JSMg2LGA=",
      "dev": true,
      "requires": {
        "core-js": "https://registry.npmjs.org/core-js/-/core-js-2.4.1.tgz",
        "empower-core": "https://registry.npmjs.org/empower-core/-/empower-core-0.6.1.tgz"
      }
    },
    "empower-core": {
      "version": "https://registry.npmjs.org/empower-core/-/empower-core-0.6.1.tgz",
      "integrity": "sha1-bBh/UC/O91VNV5MzlqrGVUg3crE=",
      "dev": true,
      "requires": {
        "call-signature": "https://registry.npmjs.org/call-signature/-/call-signature-0.0.2.tgz",
        "core-js": "https://registry.npmjs.org/core-js/-/core-js-2.4.1.tgz"
      }
    },
    "espurify": {
      "version": "https://registry.npmjs.org/espurify/-/espurify-1.7.0.tgz",
      "integrity": "sha1-HFz2y8zDLm9jk4C9T5kfq5up0iY=",
      "dev": true,
      "requires": {
        "core-js": "https://registry.npmjs.org/core-js/-/core-js-2.4.1.tgz"
      }
    },
    "estraverse": {
      "version": "https://registry.npmjs.org/estraverse/-/estraverse-4.2.0.tgz",
      "integrity": "sha1-De4/7TH81GlhjOc0IJn8GvoL2xM=",
      "dev": true
    },
    "foreach": {
      "version": "https://registry.npmjs.org/foreach/-/foreach-2.0.5.tgz",
      "integrity": "sha1-C+4AUBiusmDQo6865ljdATbsG5k=",
      "dev": true
    },
    "indexof": {
      "version": "https://registry.npmjs.org/indexof/-/indexof-0.0.1.tgz",
      "integrity": "sha1-gtwzbSMrkGIXnQWrMpOmYFn9Q10=",
      "dev": true
    },
    "object-keys": {
      "version": "https://registry.npmjs.org/object-keys/-/object-keys-1.0.11.tgz",
      "integrity": "sha1-xUYBd4rVYPEULODgG8yotW0TQm0=",
      "dev": true
    },
    "power-assert": {
      "version": "https://registry.npmjs.org/power-assert/-/power-assert-1.4.2.tgz",
      "integrity": "sha1-QzGc0P7NMiHydvHMSf+i6uuaGBU=",
      "dev": true,
      "requires": {
        "define-properties": "https://registry.npmjs.org/define-properties/-/define-properties-1.1.2.tgz",
        "empower": "https://registry.npmjs.org/empower/-/empower-1.2.1.tgz",
        "power-assert-formatter": "https://registry.npmjs.org/power-assert-formatter/-/power-assert-formatter-1.4.1.tgz",
        "universal-deep-strict-equal": "https://registry.npmjs.org/universal-deep-strict-equal/-/universal-deep-strict-equal-1.2.2.tgz",
        "xtend": "https://registry.npmjs.org/xtend/-/xtend-4.0.1.tgz"
      }
    },
    "power-assert-context-formatter": {
      "version": "https://registry.npmjs.org/power-assert-context-formatter/-/power-assert-context-formatter-1.1.1.tgz",
      "integrity": "sha1-7bo1LT7YpgMRTWZyZazOYNaJzN8=",
      "dev": true,
      "requires": {
        "core-js": "https://registry.npmjs.org/core-js/-/core-js-2.4.1.tgz",
        "power-assert-context-traversal": "https://registry.npmjs.org/power-assert-context-traversal/-/power-assert-context-traversal-1.1.1.tgz"
      }
    },
    "power-assert-context-reducer-ast": {
      "version": "https://registry.npmjs.org/power-assert-context-reducer-ast/-/power-assert-context-reducer-ast-1.1.1.tgz",
      "integrity": "sha1-u0GcZeqIyaTfw0qdvPgulx9vabw=",
      "dev": true,
      "requires": {
        "acorn": "https://registry.npmjs.org/acorn/-/acorn-4.0.11.tgz",
        "acorn-es7-plugin": "https://registry.npmjs.org/acorn-es7-plugin/-/acorn-es7-plugin-1.1.5.tgz",
        "core-js": "https://registry.npmjs.org/core-js/-/core-js-2.4.1.tgz",
        "espurify": "https://registry.npmjs.org/espurify/-/espurify-1.7.0.tgz",
        "estraverse": "https://registry.npmjs.org/estraverse/-/estraverse-4.2.0.tgz"
      }
    },
    "power-assert-context-traversal": {
      "version": "https://registry.npmjs.org/power-assert-context-traversal/-/power-assert-context-traversal-1.1.1.tgz",
      "integrity": "sha1-iMq8oNE7Y1nwfT0+ivppkmRXftk=",
      "dev": true,
      "requires": {
        "core-js": "https://registry.npmjs.org/core-js/-/core-js-2.4.1.tgz",
        "estraverse": "https://registry.npmjs.org/estraverse/-/estraverse-4.2.0.tgz"
      }
    },
    "power-assert-formatter": {
      "version": "https://registry.npmjs.org/power-assert-formatter/-/power-assert-formatter-1.4.1.tgz",
      "integrity": "sha1-XcEl7VCj37HdomwZNH879Y7CiEo=",
      "dev": true,
      "requires": {
        "core-js": "https://registry.npmjs.org/core-js/-/core-js-2.4.1.tgz",
        "power-assert-context-formatter": "https://registry.npmjs.org/power-assert-context-formatter/-/power-assert-context-formatter-1.1.1.tgz",
        "power-assert-context-reducer-ast": "https://registry.npmjs.org/power-assert-context-reducer-ast/-/power-assert-context-reducer-ast-1.1.1.tgz",
        "power-assert-renderer-assertion": "https://registry.npmjs.org/power-assert-renderer-assertion/-/power-assert-renderer-assertion-1.1.1.tgz",
        "power-assert-renderer-comparison": "https://registry.npmjs.org/power-assert-renderer-comparison/-/power-assert-renderer-comparison-1.1.1.tgz",
        "power-assert-renderer-diagram": "https://registry.npmjs.org/power-assert-renderer-diagram/-/power-assert-renderer-diagram-1.1.1.tgz",
        "power-assert-renderer-file": "https://registry.npmjs.org/power-assert-renderer-file/-/power-assert-renderer-file-1.1.1.tgz"
      }
    },
    "power-assert-renderer-assertion": {
      "version": "https://registry.npmjs.org/power-assert-renderer-assertion/-/power-assert-renderer-assertion-1.1.1.tgz",
      "integrity": "sha1-y/wOd+AIao+Wrz8djme57n4ozpg=",
      "dev": true,
      "requires": {
        "power-assert-renderer-base": "https://registry.npmjs.org/power-assert-renderer-base/-/power-assert-renderer-base-1.1.1.tgz",
        "power-assert-util-string-width": "https://registry.npmjs.org/power-assert-util-string-width/-/power-assert-util-string-width-1.1.1.tgz"
      }
    },
    "power-assert-renderer-base": {
      "version": "https://registry.npmjs.org/power-assert-renderer-base/-/power-assert-renderer-base-1.1.1.tgz",
      "integrity": "sha1-lqZQxv0F7hvB9mtUrWFELIs/Y+s=",
      "dev": true
    },
    "power-assert-renderer-comparison": {
      "version": "https://registry.npmjs.org/power-assert-renderer-comparison/-/power-assert-renderer-comparison-1.1.1.tgz",
      "integrity": "sha1-10Odl9hRVr5OMKAPL7WnJRTOPAg=",
      "dev": true,
      "requires": {
        "core-js": "https://registry.npmjs.org/core-js/-/core-js-2.4.1.tgz",
        "diff-match-patch": "https://registry.npmjs.org/diff-match-patch/-/diff-match-patch-1.0.0.tgz",
        "power-assert-renderer-base": "https://registry.npmjs.org/power-assert-renderer-base/-/power-assert-renderer-base-1.1.1.tgz",
        "stringifier": "https://registry.npmjs.org/stringifier/-/stringifier-1.3.0.tgz",
        "type-name": "https://registry.npmjs.org/type-name/-/type-name-2.0.2.tgz"
      }
    },
    "power-assert-renderer-diagram": {
      "version": "https://registry.npmjs.org/power-assert-renderer-diagram/-/power-assert-renderer-diagram-1.1.1.tgz",
      "integrity": "sha1-fgyCzAioSxVeUbWulPWXCXeKZfs=",
      "dev": true,
      "requires": {
        "core-js": "https://registry.npmjs.org/core-js/-/core-js-2.4.1.tgz",
        "power-assert-renderer-base": "https://registry.npmjs.org/power-assert-renderer-base/-/power-assert-renderer-base-1.1.1.tgz",
        "power-assert-util-string-width": "https://registry.npmjs.org/power-assert-util-string-width/-/power-assert-util-string-width-1.1.1.tgz",
        "stringifier": "https://registry.npmjs.org/stringifier/-/stringifier-1.3.0.tgz"
      }
    },
    "power-assert-renderer-file": {
      "version": "https://registry.npmjs.org/power-assert-renderer-file/-/power-assert-renderer-file-1.1.1.tgz",
      "integrity": "sha1-o34rvReMys0E5427eckv40kzxec=",
      "dev": true,
      "requires": {
        "power-assert-renderer-base": "https://registry.npmjs.org/power-assert-renderer-base/-/power-assert-renderer-base-1.1.1.tgz"
      }
    },
    "power-assert-util-string-width": {
      "version": "https://registry.npmjs.org/power-assert-util-string-width/-/power-assert-util-string-width-1.1.1.tgz",
      "integrity": "sha1-vmWet5N/3S5smncmjar2S9W3xZI=",
      "dev": true,
      "requires": {
        "eastasianwidth": "https://registry.npmjs.org/eastasianwidth/-/eastasianwidth-0.1.1.tgz"
      }
    },
    "stringifier": {
      "version": "https://registry.npmjs.org/stringifier/-/stringifier-1.3.0.tgz",
      "integrity": "sha1-3vGDQvaTPbDy2/yaoCF1tEjBeVk=",
      "dev": true,
      "requires": {
        "core-js": "https://registry.npmjs.org/core-js/-/core-js-2.4.1.tgz",
        "traverse": "https://registry.npmjs.org/traverse/-/traverse-0.6.6.tgz",
        "type-name": "https://registry.npmjs.org/type-name/-/type-name-2.0.2.tgz"
      }
    },
    "traverse": {
      "version": "https://registry.npmjs.org/traverse/-/traverse-0.6.6.tgz",
      "integrity": "sha1-y99WD9e5r2MlAv7UD5GMFX6pcTc=",
      "dev": true
    },
    "type-name": {
      "version": "https://registry.npmjs.org/type-name/-/type-name-2.0.2.tgz",
      "integrity": "sha1-7+fUEj2KxSr/9/QMfk3sUmYAj7Q=",
      "dev": true
    },
    "universal-deep-strict-equal": {
      "version": "https://registry.npmjs.org/universal-deep-strict-equal/-/universal-deep-strict-equal-1.2.2.tgz",
      "integrity": "sha1-DaSsL3PP95JMgfpN4BjKViyisKc=",
      "dev": true,
      "requires": {
        "array-filter": "https://registry.npmjs.org/array-filter/-/array-filter-1.0.0.tgz",
        "indexof": "https://registry.npmjs.org/indexof/-/indexof-0.0.1.tgz",
        "object-keys": "https://registry.npmjs.org/object-keys/-/object-keys-1.0.11.tgz"
      }
    },
    "xtend": {
      "version": "https://registry.npmjs.org/xtend/-/xtend-4.0.1.tgz",
      "integrity": "sha1-pcbVMr5lbiPbgg77lDofBJmNY68=",
      "dev": true
    }
  }
}
